
Microsoft Visual Studio Solution File, Format Version 12.00
# Visual Studio Version 17
VisualStudioVersion = 17.5.002.0
MinimumVisualStudioVersion = 10.0.40219.1
Project("{9A19103F-16F7-4668-BE54-9A1E7A4F7556}") = "LeoPasswordManagerUI", "LeoPasswordManagerUI.csproj", "{EEE2DDBB-2EB0-4A06-9D11-8FBF22873028}"
EndProject
Global
	GlobalSection(SolutionConfigurationPlatforms) = preSolution
		Debug|Any CPU = Debug|Any CPU
		Release|Any CPU = Release|Any CPU
	EndGlobalSection
	GlobalSection(ProjectConfigurationPlatforms) = postSolution
		{EEE2DDBB-2EB0-4A06-9D11-8FBF22873028}.Debug|Any CPU.ActiveCfg = Debug|Any CPU
		{EEE2DDBB-2EB0-4A06-9D11-8FBF22873028}.Debug|Any CPU.Build.0 = Debug|Any CPU
		{EEE2DDBB-2EB0-4A06-9D11-8FBF22873028}.Release|Any CPU.ActiveCfg = Release|Any CPU
		{EEE2DDBB-2EB0-4A06-9D11-8FBF22873028}.Release|Any CPU.Build.0 = Release|Any CPU
	EndGlobalSection
	GlobalSection(SolutionProperties) = preSolution
		HideSolutionNode = FALSE
	EndGlobalSection
	GlobalSection(ExtensibilityGlobals) = postSolution
		SolutionGuid = {A2CFD677-CA78-47F7-B18F-A31B8110A32E}
	EndGlobalSection
EndGlobal
